
Microsoft Visual Studio Solution File, Format Version 12.00
# Visual Studio Version 16
VisualStudioVersion = 16.0.28803.352
MinimumVisualStudioVersion = 16
Project("{FAE04EC0-301F-11D3-BF4B-00C04F79EFBC}") = "LogViewer", "LogViewer.csproj", "{57F80FAF-1035-41CA-822E-BB0730EE4643}"
EndProject
Global
	GlobalSection(SolutionConfigurationPlatforms) = preSolution
		Debug|Any CPU = Debug|Any CPU
		Release|Any CPU = Release|Any CPU
	EndGlobalSection
	GlobalSection(ProjectConfigurationPlatforms) = postSolution
		{57F80FAF-1035-41CA-822E-BB0730EE4643}.Debug|Any CPU.ActiveCfg = Debug|Any CPU
		{57F80FAF-1035-41CA-822E-BB0730EE4643}.Debug|Any CPU.Build.0 = Debug|Any CPU
		{57F80FAF-1035-41CA-822E-BB0730EE4643}.Release|Any CPU.ActiveCfg = Release|Any CPU
		{57F80FAF-1035-41CA-822E-BB0730EE4643}.Release|Any CPU.Build.0 = Release|Any CPU
	EndGlobalSection
	GlobalSection(SolutionProperties) = preSolution
		HideSolutionNode = FALSE
	EndGlobalSection
	GlobalSection(ExtensibilityGlobals) = postSolution
		SolutionGuid = {4873F28E-5390-4210-9B9C-46EFFBD92BBD}
	EndGlobalSection
EndGlobal
